
Microsoft Visual Studio Solution File, Format Version 12.00
# Visual Studio 15
VisualStudioVersion = 15.0.28307.421
MinimumVisualStudioVersion = 10.0.40219.1
Project("{FAE04EC0-301F-11D3-BF4B-00C04F79EFBC}") = "Jx.net", "Jx.net\Jx.net.csproj", "{4E755A48-BC96-4E31-9A6E-EA63C2B7D3DC}"
EndProject
Project("{FAE04EC0-301F-11D3-BF4B-00C04F79EFBC}") = "Jx.net.Tests", "..\Jx.net.Tests\Jx.net.Tests.csproj", "{05C3AD25-189A-4663-9E75-C12FF6B61053}"
EndProject
Global
	GlobalSection(SolutionConfigurationPlatforms) = preSolution
		Debug|Any CPU = Debug|Any CPU
		Release|Any CPU = Release|Any CPU
	EndGlobalSection
	GlobalSection(ProjectConfigurationPlatforms) = postSolution
		{4E755A48-BC96-4E31-9A6E-EA63C2B7D3DC}.Debug|Any CPU.ActiveCfg = Debug|Any CPU
		{4E755A48-BC96-4E31-9A6E-EA63C2B7D3DC}.Debug|Any CPU.Build.0 = Debug|Any CPU
		{4E755A48-BC96-4E31-9A6E-EA63C2B7D3DC}.Release|Any CPU.ActiveCfg = Release|Any CPU
		{4E755A48-BC96-4E31-9A6E-EA63C2B7D3DC}.Release|Any CPU.Build.0 = Release|Any CPU
		{05C3AD25-189A-4663-9E75-C12FF6B61053}.Debug|Any CPU.ActiveCfg = Debug|Any CPU
		{05C3AD25-189A-4663-9E75-C12FF6B61053}.Debug|Any CPU.Build.0 = Debug|Any CPU
		{05C3AD25-189A-4663-9E75-C12FF6B61053}.Release|Any CPU.ActiveCfg = Release|Any CPU
		{05C3AD25-189A-4663-9E75-C12FF6B61053}.Release|Any CPU.Build.0 = Release|Any CPU
	EndGlobalSection
	GlobalSection(SolutionProperties) = preSolution
		HideSolutionNode = FALSE
	EndGlobalSection
	GlobalSection(ExtensibilityGlobals) = postSolution
		SolutionGuid = {F2F1E89F-203D-4667-9E28-EA0334AA38DC}
	EndGlobalSection
EndGlobal
