
Microsoft Visual Studio Solution File, Format Version 12.00
# Visual Studio Version 16
VisualStudioVersion = 16.0.28803.156
MinimumVisualStudioVersion = 10.0.40219.1
Project("{9A19103F-16F7-4668-BE54-9A1E7A4F7556}") = "Jx.net", "Jx.net\Jx.net.csproj", "{4E755A48-BC96-4E31-9A6E-EA63C2B7D3DC}"
EndProject
Project("{2150E333-8FDC-42A3-9474-1A3956D46DE8}") = "docs", "docs", "{D694A001-5653-4362-A27A-A6C62240C3F0}"
EndProject
Project("{2150E333-8FDC-42A3-9474-1A3956D46DE8}") = "Solution Items", "Solution Items", "{90B5EF80-82D7-40D0-A211-1B655011F31F}"
	ProjectSection(SolutionItems) = preProject
		LICENSE = LICENSE
		README.md = README.md
	EndProjectSection
EndProject
Project("{FAE04EC0-301F-11D3-BF4B-00C04F79EFBC}") = "Jx.net.test", "Jx.net.test\Jx.net.test.csproj", "{7B76846E-C17E-41AF-81AE-583DB30BA9A6}"
EndProject
Global
	GlobalSection(SolutionConfigurationPlatforms) = preSolution
		Debug|Any CPU = Debug|Any CPU
		Release|Any CPU = Release|Any CPU
	EndGlobalSection
	GlobalSection(ProjectConfigurationPlatforms) = postSolution
		{4E755A48-BC96-4E31-9A6E-EA63C2B7D3DC}.Debug|Any CPU.ActiveCfg = Debug|Any CPU
		{4E755A48-BC96-4E31-9A6E-EA63C2B7D3DC}.Debug|Any CPU.Build.0 = Debug|Any CPU
		{4E755A48-BC96-4E31-9A6E-EA63C2B7D3DC}.Release|Any CPU.ActiveCfg = Release|Any CPU
		{4E755A48-BC96-4E31-9A6E-EA63C2B7D3DC}.Release|Any CPU.Build.0 = Release|Any CPU
		{7B76846E-C17E-41AF-81AE-583DB30BA9A6}.Debug|Any CPU.ActiveCfg = Debug|Any CPU
		{7B76846E-C17E-41AF-81AE-583DB30BA9A6}.Debug|Any CPU.Build.0 = Debug|Any CPU
		{7B76846E-C17E-41AF-81AE-583DB30BA9A6}.Release|Any CPU.ActiveCfg = Release|Any CPU
		{7B76846E-C17E-41AF-81AE-583DB30BA9A6}.Release|Any CPU.Build.0 = Release|Any CPU
	EndGlobalSection
	GlobalSection(SolutionProperties) = preSolution
		HideSolutionNode = FALSE
	EndGlobalSection
	GlobalSection(ExtensibilityGlobals) = postSolution
		SolutionGuid = {F2F1E89F-203D-4667-9E28-EA0334AA38DC}
	EndGlobalSection
EndGlobal
